<?xml version="1.0" encoding="utf-8"?>
<Project ToolsVersion="4.0" xmlns="http://schemas.microsoft.com/developer/msbuild/2003">
  <ItemGroup>
    <Filter Include="Xenolith">
      <UniqueIdentifier>{908BBB19-7C58-1625-A571-04CD919D4BB3}</UniqueIdentifier>
    </Filter>
    <Filter Include="Xenolith\Events">
      <UniqueIdentifier>{74956EE8-E020-DCAC-E931-5FA1553C38AD}</UniqueIdentifier>
    </Filter>
  </ItemGroup>
  <ItemGroup>
    <ClInclude Include="src\Xenolith.h" />
    <ClInclude Include="src\Xenolith\Application.h">
      <Filter>Xenolith</Filter>
    </ClInclude>
    <ClInclude Include="src\Xenolith\Core.h">
      <Filter>Xenolith</Filter>
    </ClInclude>
    <ClInclude Include="src\Xenolith\EntryPoint.h">
      <Filter>Xenolith</Filter>
    </ClInclude>
    <ClInclude Include="src\Xenolith\Events\ApplicationEvent.h">
      <Filter>Xenolith\Events</Filter>
    </ClInclude>
    <ClInclude Include="src\Xenolith\Events\Event.h">
      <Filter>Xenolith\Events</Filter>
    </ClInclude>
    <ClInclude Include="src\Xenolith\Events\KeyEvent.h">
      <Filter>Xenolith\Events</Filter>
    </ClInclude>
    <ClInclude Include="src\Xenolith\Events\MouseEvent.h">
      <Filter>Xenolith\Events</Filter>
    </ClInclude>
    <ClInclude Include="src\Xenolith\Log.h">
      <Filter>Xenolith</Filter>
    </ClInclude>
  </ItemGroup>
  <ItemGroup>
    <ClCompile Include="src\Xenolith\Application.cpp">
      <Filter>Xenolith</Filter>
    </ClCompile>
    <ClCompile Include="src\Xenolith\Log.cpp">
      <Filter>Xenolith</Filter>
    </ClCompile>
  </ItemGroup>
</Project>